
Microsoft Visual Studio Solution File, Format Version 12.00
# Visual Studio Version 17
VisualStudioVersion = 17.7.34018.315
MinimumVisualStudioVersion = 10.0.40219.1
Project("{FAE04EC0-301F-11D3-BF4B-00C04F79EFBC}") = "Tests", "Tests.csproj", "{44BB0CE2-4E83-406E-AD47-364668D8698C}"
EndProject
Project("{FAE04EC0-301F-11D3-BF4B-00C04F79EFBC}") = "Core", ".Core\Core.csproj", "{ED26E10C-31BF-4EBD-94BC-88E0B678A706}"
EndProject
Project("{FAE04EC0-301F-11D3-BF4B-00C04F79EFBC}") = "Pages", "Pages\Pages.csproj", "{1A617754-B5A7-41BF-920A-14A787EAFBB4}"
EndProject
Global
	GlobalSection(SolutionConfigurationPlatforms) = preSolution
		Debug|Any CPU = Debug|Any CPU
		Release|Any CPU = Release|Any CPU
	EndGlobalSection
	GlobalSection(ProjectConfigurationPlatforms) = postSolution
		{44BB0CE2-4E83-406E-AD47-364668D8698C}.Debug|Any CPU.ActiveCfg = Debug|Any CPU
		{44BB0CE2-4E83-406E-AD47-364668D8698C}.Debug|Any CPU.Build.0 = Debug|Any CPU
		{44BB0CE2-4E83-406E-AD47-364668D8698C}.Release|Any CPU.ActiveCfg = Release|Any CPU
		{44BB0CE2-4E83-406E-AD47-364668D8698C}.Release|Any CPU.Build.0 = Release|Any CPU
		{ED26E10C-31BF-4EBD-94BC-88E0B678A706}.Debug|Any CPU.ActiveCfg = Debug|Any CPU
		{ED26E10C-31BF-4EBD-94BC-88E0B678A706}.Debug|Any CPU.Build.0 = Debug|Any CPU
		{ED26E10C-31BF-4EBD-94BC-88E0B678A706}.Release|Any CPU.ActiveCfg = Release|Any CPU
		{ED26E10C-31BF-4EBD-94BC-88E0B678A706}.Release|Any CPU.Build.0 = Release|Any CPU
		{1A617754-B5A7-41BF-920A-14A787EAFBB4}.Debug|Any CPU.ActiveCfg = Debug|Any CPU
		{1A617754-B5A7-41BF-920A-14A787EAFBB4}.Debug|Any CPU.Build.0 = Debug|Any CPU
		{1A617754-B5A7-41BF-920A-14A787EAFBB4}.Release|Any CPU.ActiveCfg = Release|Any CPU
		{1A617754-B5A7-41BF-920A-14A787EAFBB4}.Release|Any CPU.Build.0 = Release|Any CPU
	EndGlobalSection
	GlobalSection(SolutionProperties) = preSolution
		HideSolutionNode = FALSE
	EndGlobalSection
	GlobalSection(ExtensibilityGlobals) = postSolution
		SolutionGuid = {DE83171C-D169-41D0-B55A-575A602F7AE5}
	EndGlobalSection
EndGlobal
